
Microsoft Visual Studio Solution File, Format Version 12.00
# Visual Studio Version 17
VisualStudioVersion = 17.11.35312.102
MinimumVisualStudioVersion = 10.0.40219.1
Project("{9A19103F-16F7-4668-BE54-9A1E7A4F7556}") = "ElectricalLearning.Repositories", "ELECTRICAL_LEARNING.REPOSITORIES\ElectricalLearning.Repositories.csproj", "{1944907A-7185-4BCA-849E-55A5944BF92D}"
EndProject
Project("{9A19103F-16F7-4668-BE54-9A1E7A4F7556}") = "ElectricalLearning.Services", "ELECTRICAL_LEARNING.SERVICES\ElectricalLearning.Services.csproj", "{64989B7E-D86C-4B28-95A2-F4092BFBC61E}"
EndProject
Project("{9A19103F-16F7-4668-BE54-9A1E7A4F7556}") = "ElectricalLearning.Api", "ELECTRICAL_LEARNING.API\ElectricalLearning.Api.csproj", "{3B0A2025-4AED-4979-B784-003659245F0C}"
EndProject
Global
	GlobalSection(SolutionConfigurationPlatforms) = preSolution
		Debug|Any CPU = Debug|Any CPU
		Release|Any CPU = Release|Any CPU
	EndGlobalSection
	GlobalSection(ProjectConfigurationPlatforms) = postSolution
		{1944907A-7185-4BCA-849E-55A5944BF92D}.Debug|Any CPU.ActiveCfg = Debug|Any CPU
		{1944907A-7185-4BCA-849E-55A5944BF92D}.Debug|Any CPU.Build.0 = Debug|Any CPU
		{1944907A-7185-4BCA-849E-55A5944BF92D}.Release|Any CPU.ActiveCfg = Release|Any CPU
		{1944907A-7185-4BCA-849E-55A5944BF92D}.Release|Any CPU.Build.0 = Release|Any CPU
		{64989B7E-D86C-4B28-95A2-F4092BFBC61E}.Debug|Any CPU.ActiveCfg = Debug|Any CPU
		{64989B7E-D86C-4B28-95A2-F4092BFBC61E}.Debug|Any CPU.Build.0 = Debug|Any CPU
		{64989B7E-D86C-4B28-95A2-F4092BFBC61E}.Release|Any CPU.ActiveCfg = Release|Any CPU
		{64989B7E-D86C-4B28-95A2-F4092BFBC61E}.Release|Any CPU.Build.0 = Release|Any CPU
		{3B0A2025-4AED-4979-B784-003659245F0C}.Debug|Any CPU.ActiveCfg = Debug|Any CPU
		{3B0A2025-4AED-4979-B784-003659245F0C}.Debug|Any CPU.Build.0 = Debug|Any CPU
		{3B0A2025-4AED-4979-B784-003659245F0C}.Release|Any CPU.ActiveCfg = Release|Any CPU
		{3B0A2025-4AED-4979-B784-003659245F0C}.Release|Any CPU.Build.0 = Release|Any CPU
	EndGlobalSection
	GlobalSection(SolutionProperties) = preSolution
		HideSolutionNode = FALSE
	EndGlobalSection
	GlobalSection(ExtensibilityGlobals) = postSolution
		SolutionGuid = {72B7319F-B218-46DB-8336-BE82B696F539}
	EndGlobalSection
EndGlobal
