
Microsoft Visual Studio Solution File, Format Version 12.00
# Visual Studio Version 17
VisualStudioVersion = 17.11.35312.102
MinimumVisualStudioVersion = 10.0.40219.1
Project("{FAE04EC0-301F-11D3-BF4B-00C04F79EFBC}") = "ELECTRICAL_LEARNING.REPOSITORIES", "ELECTRICAL_LEARNING.REPOSITORIES\ELECTRICAL_LEARNING.REPOSITORIES.csproj", "{1944907A-7185-4BCA-849E-55A5944BF92D}"
EndProject
Project("{FAE04EC0-301F-11D3-BF4B-00C04F79EFBC}") = "ELECTRICAL_LEARNING.SERVICES", "ELECTRICAL_LEARNING.SERVICES\ELECTRICAL_LEARNING.SERVICES.csproj", "{64989B7E-D86C-4B28-95A2-F4092BFBC61E}"
EndProject
Project("{FAE04EC0-301F-11D3-BF4B-00C04F79EFBC}") = "ELECTRICAL_LEARNING.API", "ELECTRICAL_LEARNING.API\ELECTRICAL_LEARNING.API.csproj", "{3B0A2025-4AED-4979-B784-003659245F0C}"
EndProject
Global
	GlobalSection(SolutionConfigurationPlatforms) = preSolution
		Debug|Any CPU = Debug|Any CPU
		Release|Any CPU = Release|Any CPU
	EndGlobalSection
	GlobalSection(ProjectConfigurationPlatforms) = postSolution
		{1944907A-7185-4BCA-849E-55A5944BF92D}.Debug|Any CPU.ActiveCfg = Debug|Any CPU
		{1944907A-7185-4BCA-849E-55A5944BF92D}.Debug|Any CPU.Build.0 = Debug|Any CPU
		{1944907A-7185-4BCA-849E-55A5944BF92D}.Release|Any CPU.ActiveCfg = Release|Any CPU
		{1944907A-7185-4BCA-849E-55A5944BF92D}.Release|Any CPU.Build.0 = Release|Any CPU
		{64989B7E-D86C-4B28-95A2-F4092BFBC61E}.Debug|Any CPU.ActiveCfg = Debug|Any CPU
		{64989B7E-D86C-4B28-95A2-F4092BFBC61E}.Debug|Any CPU.Build.0 = Debug|Any CPU
		{64989B7E-D86C-4B28-95A2-F4092BFBC61E}.Release|Any CPU.ActiveCfg = Release|Any CPU
		{64989B7E-D86C-4B28-95A2-F4092BFBC61E}.Release|Any CPU.Build.0 = Release|Any CPU
		{3B0A2025-4AED-4979-B784-003659245F0C}.Debug|Any CPU.ActiveCfg = Debug|Any CPU
		{3B0A2025-4AED-4979-B784-003659245F0C}.Debug|Any CPU.Build.0 = Debug|Any CPU
		{3B0A2025-4AED-4979-B784-003659245F0C}.Release|Any CPU.ActiveCfg = Release|Any CPU
		{3B0A2025-4AED-4979-B784-003659245F0C}.Release|Any CPU.Build.0 = Release|Any CPU
	EndGlobalSection
	GlobalSection(SolutionProperties) = preSolution
		HideSolutionNode = FALSE
	EndGlobalSection
	GlobalSection(ExtensibilityGlobals) = postSolution
		SolutionGuid = {72B7319F-B218-46DB-8336-BE82B696F539}
	EndGlobalSection
EndGlobal
